
Microsoft Visual Studio Solution File, Format Version 12.00
# Visual Studio Version 17
VisualStudioVersion = 17.0.32126.317
MinimumVisualStudioVersion = 10.0.40219.1
Project("{FAE04EC0-301F-11D3-BF4B-00C04F79EFBC}") = "DasContract.Blockchain.Plutus.Console", "DasContract.Blockchain.Plutus.Console\DasContract.Blockchain.Plutus.Console.csproj", "{0783AC33-DCE3-4EC1-BDD6-8BA0F6354F30}"
EndProject
Project("{FAE04EC0-301F-11D3-BF4B-00C04F79EFBC}") = "DasContract.Blockchain.Plutus", "DasContract.Blockchain.Plutus\DasContract.Blockchain.Plutus.csproj", "{7C7A81B8-7476-4CE8-B566-FE8D4FA0BC70}"
EndProject
Project("{9A19103F-16F7-4668-BE54-9A1E7A4F7556}") = "DasContract.Abstraction", "DasContract.Abstraction\DasContract.Abstraction.csproj", "{F95EC565-A753-46A6-BB8F-A4B1FE3382D5}"
EndProject
Project("{FAE04EC0-301F-11D3-BF4B-00C04F79EFBC}") = "DasContract.Blockchain.Plutus.Data", "DasContract.Blockchain.Plutus.Data\DasContract.Blockchain.Plutus.Data.csproj", "{73F1FEB6-49B9-42DD-9130-A32316651A6E}"
EndProject
Project("{2150E333-8FDC-42A3-9474-1A3956D46DE8}") = "Solution Items", "Solution Items", "{753DF742-FFBE-4827-AB24-B8B2E12C0F47}"
	ProjectSection(SolutionItems) = preProject
		.editorconfig = .editorconfig
	EndProjectSection
EndProject
Project("{2150E333-8FDC-42A3-9474-1A3956D46DE8}") = "Tests", "Tests", "{C21A755A-C7F5-49D1-8557-41BBEC1DAC98}"
EndProject
Project("{FAE04EC0-301F-11D3-BF4B-00C04F79EFBC}") = "DasContract.Blockchain.Plutus.Data.Tests", "DasContract.Blockchain.Plutus.Data.Tests\DasContract.Blockchain.Plutus.Data.Tests.csproj", "{67B9D43C-5FE4-4956-B097-539335FD45E3}"
EndProject
Global
	GlobalSection(SolutionConfigurationPlatforms) = preSolution
		Debug|Any CPU = Debug|Any CPU
		Release|Any CPU = Release|Any CPU
	EndGlobalSection
	GlobalSection(ProjectConfigurationPlatforms) = postSolution
		{0783AC33-DCE3-4EC1-BDD6-8BA0F6354F30}.Debug|Any CPU.ActiveCfg = Debug|Any CPU
		{0783AC33-DCE3-4EC1-BDD6-8BA0F6354F30}.Debug|Any CPU.Build.0 = Debug|Any CPU
		{0783AC33-DCE3-4EC1-BDD6-8BA0F6354F30}.Release|Any CPU.ActiveCfg = Release|Any CPU
		{0783AC33-DCE3-4EC1-BDD6-8BA0F6354F30}.Release|Any CPU.Build.0 = Release|Any CPU
		{7C7A81B8-7476-4CE8-B566-FE8D4FA0BC70}.Debug|Any CPU.ActiveCfg = Debug|Any CPU
		{7C7A81B8-7476-4CE8-B566-FE8D4FA0BC70}.Debug|Any CPU.Build.0 = Debug|Any CPU
		{7C7A81B8-7476-4CE8-B566-FE8D4FA0BC70}.Release|Any CPU.ActiveCfg = Release|Any CPU
		{7C7A81B8-7476-4CE8-B566-FE8D4FA0BC70}.Release|Any CPU.Build.0 = Release|Any CPU
		{F95EC565-A753-46A6-BB8F-A4B1FE3382D5}.Debug|Any CPU.ActiveCfg = Debug|Any CPU
		{F95EC565-A753-46A6-BB8F-A4B1FE3382D5}.Debug|Any CPU.Build.0 = Debug|Any CPU
		{F95EC565-A753-46A6-BB8F-A4B1FE3382D5}.Release|Any CPU.ActiveCfg = Release|Any CPU
		{F95EC565-A753-46A6-BB8F-A4B1FE3382D5}.Release|Any CPU.Build.0 = Release|Any CPU
		{73F1FEB6-49B9-42DD-9130-A32316651A6E}.Debug|Any CPU.ActiveCfg = Debug|Any CPU
		{73F1FEB6-49B9-42DD-9130-A32316651A6E}.Debug|Any CPU.Build.0 = Debug|Any CPU
		{73F1FEB6-49B9-42DD-9130-A32316651A6E}.Release|Any CPU.ActiveCfg = Release|Any CPU
		{73F1FEB6-49B9-42DD-9130-A32316651A6E}.Release|Any CPU.Build.0 = Release|Any CPU
		{67B9D43C-5FE4-4956-B097-539335FD45E3}.Debug|Any CPU.ActiveCfg = Debug|Any CPU
		{67B9D43C-5FE4-4956-B097-539335FD45E3}.Debug|Any CPU.Build.0 = Debug|Any CPU
		{67B9D43C-5FE4-4956-B097-539335FD45E3}.Release|Any CPU.ActiveCfg = Release|Any CPU
		{67B9D43C-5FE4-4956-B097-539335FD45E3}.Release|Any CPU.Build.0 = Release|Any CPU
	EndGlobalSection
	GlobalSection(SolutionProperties) = preSolution
		HideSolutionNode = FALSE
	EndGlobalSection
	GlobalSection(NestedProjects) = preSolution
		{67B9D43C-5FE4-4956-B097-539335FD45E3} = {C21A755A-C7F5-49D1-8557-41BBEC1DAC98}
	EndGlobalSection
	GlobalSection(ExtensibilityGlobals) = postSolution
		SolutionGuid = {8B3E0F44-3A81-4EE9-B25F-B6236DD63C1F}
	EndGlobalSection
EndGlobal
