
Microsoft Visual Studio Solution File, Format Version 12.00
# Visual Studio Version 17
VisualStudioVersion = 17.0.32126.317
MinimumVisualStudioVersion = 10.0.40219.1
Project("{9A19103F-16F7-4668-BE54-9A1E7A4F7556}") = "DasContract.Blockchain.Plutus.Console", "DasContract.Blockchain.Plutus.Console\DasContract.Blockchain.Plutus.Console.csproj", "{0783AC33-DCE3-4EC1-BDD6-8BA0F6354F30}"
EndProject
Project("{9A19103F-16F7-4668-BE54-9A1E7A4F7556}") = "DasContract.Blockchain.Plutus", "DasContract.Blockchain.Plutus\DasContract.Blockchain.Plutus.csproj", "{7C7A81B8-7476-4CE8-B566-FE8D4FA0BC70}"
EndProject
Project("{9A19103F-16F7-4668-BE54-9A1E7A4F7556}") = "DasContract.Blockchain.Plutus.Data", "DasContract.Blockchain.Plutus.Data\DasContract.Blockchain.Plutus.Data.csproj", "{73F1FEB6-49B9-42DD-9130-A32316651A6E}"
EndProject
Project("{2150E333-8FDC-42A3-9474-1A3956D46DE8}") = "Solution Items", "Solution Items", "{753DF742-FFBE-4827-AB24-B8B2E12C0F47}"
	ProjectSection(SolutionItems) = preProject
		.editorconfig = .editorconfig
	EndProjectSection
EndProject
Project("{2150E333-8FDC-42A3-9474-1A3956D46DE8}") = "Tests", "Tests", "{C21A755A-C7F5-49D1-8557-41BBEC1DAC98}"
EndProject
Project("{9A19103F-16F7-4668-BE54-9A1E7A4F7556}") = "DasContract.Blockchain.Plutus.Data.Tests", "DasContract.Blockchain.Plutus.Data.Tests\DasContract.Blockchain.Plutus.Data.Tests.csproj", "{67B9D43C-5FE4-4956-B097-539335FD45E3}"
EndProject
Project("{9A19103F-16F7-4668-BE54-9A1E7A4F7556}") = "DasContract.Bloackchain.Plutus.Tests", "DasContract.Bloackchain.Plutus.Tests\DasContract.Bloackchain.Plutus.Tests.csproj", "{F0676317-264B-4050-8870-19B925D2B490}"
EndProject
Project("{9A19103F-16F7-4668-BE54-9A1E7A4F7556}") = "DasContract.Blockchain.Plutus.Console.Tests", "DasContract.Blockchain.Plutus.Console.Tests\DasContract.Blockchain.Plutus.Console.Tests.csproj", "{73CB974C-790E-44DD-9984-EF7443C7414F}"
EndProject
Project("{2150E333-8FDC-42A3-9474-1A3956D46DE8}") = "Utils", "Utils", "{DF771E6F-4122-4403-B02D-8269A30E052B}"
EndProject
Project("{9A19103F-16F7-4668-BE54-9A1E7A4F7556}") = "DasContract.String.Utils", "DasContract.String.Utils\DasContract.String.Utils.csproj", "{F00537E8-41CB-40A4-8069-1BE1FA87D1C1}"
EndProject
Global
	GlobalSection(SolutionConfigurationPlatforms) = preSolution
		Debug|Any CPU = Debug|Any CPU
		Release|Any CPU = Release|Any CPU
	EndGlobalSection
	GlobalSection(ProjectConfigurationPlatforms) = postSolution
		{0783AC33-DCE3-4EC1-BDD6-8BA0F6354F30}.Debug|Any CPU.ActiveCfg = Debug|Any CPU
		{0783AC33-DCE3-4EC1-BDD6-8BA0F6354F30}.Debug|Any CPU.Build.0 = Debug|Any CPU
		{0783AC33-DCE3-4EC1-BDD6-8BA0F6354F30}.Release|Any CPU.ActiveCfg = Release|Any CPU
		{0783AC33-DCE3-4EC1-BDD6-8BA0F6354F30}.Release|Any CPU.Build.0 = Release|Any CPU
		{7C7A81B8-7476-4CE8-B566-FE8D4FA0BC70}.Debug|Any CPU.ActiveCfg = Debug|Any CPU
		{7C7A81B8-7476-4CE8-B566-FE8D4FA0BC70}.Debug|Any CPU.Build.0 = Debug|Any CPU
		{7C7A81B8-7476-4CE8-B566-FE8D4FA0BC70}.Release|Any CPU.ActiveCfg = Release|Any CPU
		{7C7A81B8-7476-4CE8-B566-FE8D4FA0BC70}.Release|Any CPU.Build.0 = Release|Any CPU
		{73F1FEB6-49B9-42DD-9130-A32316651A6E}.Debug|Any CPU.ActiveCfg = Debug|Any CPU
		{73F1FEB6-49B9-42DD-9130-A32316651A6E}.Debug|Any CPU.Build.0 = Debug|Any CPU
		{73F1FEB6-49B9-42DD-9130-A32316651A6E}.Release|Any CPU.ActiveCfg = Release|Any CPU
		{73F1FEB6-49B9-42DD-9130-A32316651A6E}.Release|Any CPU.Build.0 = Release|Any CPU
		{67B9D43C-5FE4-4956-B097-539335FD45E3}.Debug|Any CPU.ActiveCfg = Debug|Any CPU
		{67B9D43C-5FE4-4956-B097-539335FD45E3}.Debug|Any CPU.Build.0 = Debug|Any CPU
		{67B9D43C-5FE4-4956-B097-539335FD45E3}.Release|Any CPU.ActiveCfg = Release|Any CPU
		{67B9D43C-5FE4-4956-B097-539335FD45E3}.Release|Any CPU.Build.0 = Release|Any CPU
		{F0676317-264B-4050-8870-19B925D2B490}.Debug|Any CPU.ActiveCfg = Debug|Any CPU
		{F0676317-264B-4050-8870-19B925D2B490}.Debug|Any CPU.Build.0 = Debug|Any CPU
		{F0676317-264B-4050-8870-19B925D2B490}.Release|Any CPU.ActiveCfg = Release|Any CPU
		{F0676317-264B-4050-8870-19B925D2B490}.Release|Any CPU.Build.0 = Release|Any CPU
		{73CB974C-790E-44DD-9984-EF7443C7414F}.Debug|Any CPU.ActiveCfg = Debug|Any CPU
		{73CB974C-790E-44DD-9984-EF7443C7414F}.Debug|Any CPU.Build.0 = Debug|Any CPU
		{73CB974C-790E-44DD-9984-EF7443C7414F}.Release|Any CPU.ActiveCfg = Release|Any CPU
		{73CB974C-790E-44DD-9984-EF7443C7414F}.Release|Any CPU.Build.0 = Release|Any CPU
		{F00537E8-41CB-40A4-8069-1BE1FA87D1C1}.Debug|Any CPU.ActiveCfg = Debug|Any CPU
		{F00537E8-41CB-40A4-8069-1BE1FA87D1C1}.Debug|Any CPU.Build.0 = Debug|Any CPU
		{F00537E8-41CB-40A4-8069-1BE1FA87D1C1}.Release|Any CPU.ActiveCfg = Release|Any CPU
		{F00537E8-41CB-40A4-8069-1BE1FA87D1C1}.Release|Any CPU.Build.0 = Release|Any CPU
	EndGlobalSection
	GlobalSection(SolutionProperties) = preSolution
		HideSolutionNode = FALSE
	EndGlobalSection
	GlobalSection(NestedProjects) = preSolution
		{67B9D43C-5FE4-4956-B097-539335FD45E3} = {C21A755A-C7F5-49D1-8557-41BBEC1DAC98}
		{F0676317-264B-4050-8870-19B925D2B490} = {C21A755A-C7F5-49D1-8557-41BBEC1DAC98}
		{73CB974C-790E-44DD-9984-EF7443C7414F} = {C21A755A-C7F5-49D1-8557-41BBEC1DAC98}
		{F00537E8-41CB-40A4-8069-1BE1FA87D1C1} = {DF771E6F-4122-4403-B02D-8269A30E052B}
	EndGlobalSection
	GlobalSection(ExtensibilityGlobals) = postSolution
		SolutionGuid = {8B3E0F44-3A81-4EE9-B25F-B6236DD63C1F}
	EndGlobalSection
EndGlobal
